<?xml version="1.0" encoding="utf-8"?>
<Project ToolsVersion="4.0" xmlns="http://schemas.microsoft.com/developer/msbuild/2003">
  <ItemGroup>
    <Filter Include="ソース ファイル">
      <UniqueIdentifier>{4FC737F1-C7A5-4376-A066-2A32D752A2FF}</UniqueIdentifier>
      <Extensions>cpp;c;cc;cxx;c++;cppm;ixx;def;odl;idl;hpj;bat;asm;asmx</Extensions>
    </Filter>
    <Filter Include="ヘッダー ファイル">
      <UniqueIdentifier>{93995380-89BD-4b04-88EB-625FBE52EBFB}</UniqueIdentifier>
      <Extensions>h;hh;hpp;hxx;h++;hm;inl;inc;ipp;xsd</Extensions>
    </Filter>
    <Filter Include="リソース ファイル">
      <UniqueIdentifier>{67DA6AB6-F800-4c08-8B7A-83BB121AAD01}</UniqueIdentifier>
      <Extensions>rc;ico;cur;bmp;dlg;rc2;rct;bin;rgs;gif;jpg;jpeg;jpe;resx;tiff;tif;png;wav;mfcribbon-ms</Extensions>
    </Filter>
  </ItemGroup>
  <ItemGroup>
    <ClCompile Include="src\block.c">
      <Filter>ソース ファイル</Filter>
    </ClCompile>
    <ClCompile Include="src\crt.c">
      <Filter>ソース ファイル</Filter>
    </ClCompile>
    <ClCompile Include="src\cursor.c">
      <Filter>ソース ファイル</Filter>
    </ClCompile>
    <ClCompile Include="src\disp.c">
      <Filter>ソース ファイル</Filter>
    </ClCompile>
    <ClCompile Include="src\file.c">
      <Filter>ソース ファイル</Filter>
    </ClCompile>
    <ClCompile Include="src\filer.c">
      <Filter>ソース ファイル</Filter>
    </ClCompile>
    <ClCompile Include="src\input.c">
      <Filter>ソース ファイル</Filter>
    </ClCompile>
    <ClCompile Include="src\iskanji.c">
      <Filter>ソース ファイル</Filter>
    </ClCompile>
    <ClCompile Include="src\keyf.c">
      <Filter>ソース ファイル</Filter>
    </ClCompile>
    <ClCompile Include="src\keys.c">
      <Filter>ソース ファイル</Filter>
    </ClCompile>
    <ClCompile Include="src\line.c">
      <Filter>ソース ファイル</Filter>
    </ClCompile>
    <ClCompile Include="src\lineedit.c">
      <Filter>ソース ファイル</Filter>
    </ClCompile>
    <ClCompile Include="src\list.c">
      <Filter>ソース ファイル</Filter>
    </ClCompile>
    <ClCompile Include="src\menu.c">
      <Filter>ソース ファイル</Filter>
    </ClCompile>
    <ClCompile Include="src\n8.c">
      <Filter>ソース ファイル</Filter>
    </ClCompile>
    <ClCompile Include="src\search.c">
      <Filter>ソース ファイル</Filter>
    </ClCompile>
    <ClCompile Include="src\setopt.c">
      <Filter>ソース ファイル</Filter>
    </ClCompile>
    <ClCompile Include="src\sh_shells.c">
      <Filter>ソース ファイル</Filter>
    </ClCompile>
    <ClCompile Include="lib\generic.c">
      <Filter>ソース ファイル</Filter>
    </ClCompile>
    <ClCompile Include="lib\hash.c">
      <Filter>ソース ファイル</Filter>
    </ClCompile>
    <ClCompile Include="lib\misc.c">
      <Filter>ソース ファイル</Filter>
    </ClCompile>
    <ClCompile Include="lib\regexp.c">
      <Filter>ソース ファイル</Filter>
    </ClCompile>
    <ClCompile Include="lib\term.c">
      <Filter>ソース ファイル</Filter>
    </ClCompile>
    <ClCompile Include="lib\term_inkey.c">
      <Filter>ソース ファイル</Filter>
    </ClCompile>
  </ItemGroup>
  <ItemGroup>
    <ClInclude Include="lib\config.h">
      <Filter>ヘッダー ファイル</Filter>
    </ClInclude>
    <ClInclude Include="lib\eaw.h">
      <Filter>ヘッダー ファイル</Filter>
    </ClInclude>
    <ClInclude Include="lib\emoji.h">
      <Filter>ヘッダー ファイル</Filter>
    </ClInclude>
    <ClInclude Include="lib\generic.h">
      <Filter>ヘッダー ファイル</Filter>
    </ClInclude>
    <ClInclude Include="lib\hash.h">
      <Filter>ヘッダー ファイル</Filter>
    </ClInclude>
    <ClInclude Include="lib\misc.h">
      <Filter>ヘッダー ファイル</Filter>
    </ClInclude>
    <ClInclude Include="lib\regexp.h">
      <Filter>ヘッダー ファイル</Filter>
    </ClInclude>
    <ClInclude Include="lib\term.h">
      <Filter>ヘッダー ファイル</Filter>
    </ClInclude>
    <ClInclude Include="lib\term_inkey.h">
      <Filter>ヘッダー ファイル</Filter>
    </ClInclude>
    <ClInclude Include="src\block.h">
      <Filter>ヘッダー ファイル</Filter>
    </ClInclude>
    <ClInclude Include="src\config.h">
      <Filter>ヘッダー ファイル</Filter>
    </ClInclude>
    <ClInclude Include="src\crt.h">
      <Filter>ヘッダー ファイル</Filter>
    </ClInclude>
    <ClInclude Include="src\cursor.h">
      <Filter>ヘッダー ファイル</Filter>
    </ClInclude>
    <ClInclude Include="src\disp.h">
      <Filter>ヘッダー ファイル</Filter>
    </ClInclude>
    <ClInclude Include="src\file.h">
      <Filter>ヘッダー ファイル</Filter>
    </ClInclude>
    <ClInclude Include="src\filer.h">
      <Filter>ヘッダー ファイル</Filter>
    </ClInclude>
    <ClInclude Include="src\function.h">
      <Filter>ヘッダー ファイル</Filter>
    </ClInclude>
    <ClInclude Include="src\input.h">
      <Filter>ヘッダー ファイル</Filter>
    </ClInclude>
    <ClInclude Include="src\iskanji.h">
      <Filter>ヘッダー ファイル</Filter>
    </ClInclude>
    <ClInclude Include="src\kanji.h">
      <Filter>ヘッダー ファイル</Filter>
    </ClInclude>
    <ClInclude Include="src\keyf.h">
      <Filter>ヘッダー ファイル</Filter>
    </ClInclude>
    <ClInclude Include="src\keys.h">
      <Filter>ヘッダー ファイル</Filter>
    </ClInclude>
    <ClInclude Include="src\line.h">
      <Filter>ヘッダー ファイル</Filter>
    </ClInclude>
    <ClInclude Include="src\lineedit.h">
      <Filter>ヘッダー ファイル</Filter>
    </ClInclude>
    <ClInclude Include="src\list.h">
      <Filter>ヘッダー ファイル</Filter>
    </ClInclude>
    <ClInclude Include="src\menu.h">
      <Filter>ヘッダー ファイル</Filter>
    </ClInclude>
    <ClInclude Include="src\n8.h">
      <Filter>ヘッダー ファイル</Filter>
    </ClInclude>
    <ClInclude Include="src\search.h">
      <Filter>ヘッダー ファイル</Filter>
    </ClInclude>
    <ClInclude Include="src\setopt.h">
      <Filter>ヘッダー ファイル</Filter>
    </ClInclude>
    <ClInclude Include="src\sh.h">
      <Filter>ヘッダー ファイル</Filter>
    </ClInclude>
    <ClInclude Include="src\sh_defs.h">
      <Filter>ヘッダー ファイル</Filter>
    </ClInclude>
  </ItemGroup>
  <ItemGroup>
    <ResourceCompile Include="n8.rc">
      <Filter>リソース ファイル</Filter>
    </ResourceCompile>
  </ItemGroup>
  <ItemGroup>
    <Image Include="n8.ico">
      <Filter>リソース ファイル</Filter>
    </Image>
  </ItemGroup>
</Project>